// !$*UTF8*$!
{
	archiveVersion = 1;
	classes = {
	};
	objectVersion = 56;
	objects = {

/* Begin PBXBuildFile section */
		B4670D8D2AFD333D008A78A1 /* GoogleService-Info.plist in Resources */ = {isa = PBXBuildFile; fileRef = B4670D8C2AFD333D008A78A1 /* GoogleService-Info.plist */; };
		B4670D902AFD33B5008A78A1 /* FirebaseAnalytics in Frameworks */ = {isa = PBXBuildFile; productRef = B4670D8F2AFD33B5008A78A1 /* FirebaseAnalytics */; };
		B4670D922AFD33B5008A78A1 /* FirebaseAnalyticsSwift in Frameworks */ = {isa = PBXBuildFile; productRef = B4670D912AFD33B5008A78A1 /* FirebaseAnalyticsSwift */; };
		B4670D942AFD33B5008A78A1 /* FirebaseAuth in Frameworks */ = {isa = PBXBuildFile; productRef = B4670D932AFD33B5008A78A1 /* FirebaseAuth */; };
		B4670D962AFD33B5008A78A1 /* FirebaseFirestore in Frameworks */ = {isa = PBXBuildFile; productRef = B4670D952AFD33B5008A78A1 /* FirebaseFirestore */; };
		B4670D982AFD33B5008A78A1 /* FirebaseFirestoreSwift in Frameworks */ = {isa = PBXBuildFile; productRef = B4670D972AFD33B5008A78A1 /* FirebaseFirestoreSwift */; };
		B4670D9B2AFD34F7008A78A1 /* TaskRepositories.swift in Sources */ = {isa = PBXBuildFile; fileRef = B4670D9A2AFD34F7008A78A1 /* TaskRepositories.swift */; };
		B4670D9D2AFD435A008A78A1 /* DetailTask.swift in Sources */ = {isa = PBXBuildFile; fileRef = B4670D9C2AFD435A008A78A1 /* DetailTask.swift */; };
		B4777FFB2B0678D100DA4447 /* ListView.swift in Sources */ = {isa = PBXBuildFile; fileRef = B4777FFA2B0678D100DA4447 /* ListView.swift */; };
		B48B6B942AFFEE3A00FFABD9 /* Tab.swift in Sources */ = {isa = PBXBuildFile; fileRef = B48B6B932AFFEE3A00FFABD9 /* Tab.swift */; };
		B4B50EAD2AFC26CB00D7E32A /* TaskWitApp.swift in Sources */ = {isa = PBXBuildFile; fileRef = B4B50EAC2AFC26CB00D7E32A /* TaskWitApp.swift */; };
		B4B50EAF2AFC26CB00D7E32A /* ContentView.swift in Sources */ = {isa = PBXBuildFile; fileRef = B4B50EAE2AFC26CB00D7E32A /* ContentView.swift */; };
		B4B50EB12AFC26CC00D7E32A /* Assets.xcassets in Resources */ = {isa = PBXBuildFile; fileRef = B4B50EB02AFC26CC00D7E32A /* Assets.xcassets */; };
		B4B50EB42AFC26CC00D7E32A /* Preview Assets.xcassets in Resources */ = {isa = PBXBuildFile; fileRef = B4B50EB32AFC26CC00D7E32A /* Preview Assets.xcassets */; };
		B4B50EBC2AFC2A9100D7E32A /* TaskWit.swift in Sources */ = {isa = PBXBuildFile; fileRef = B4B50EBB2AFC2A9100D7E32A /* TaskWit.swift */; };
		B4B50EBE2AFC2B5600D7E32A /* TasksViewModel.swift in Sources */ = {isa = PBXBuildFile; fileRef = B4B50EBD2AFC2B5600D7E32A /* TasksViewModel.swift */; };
		B4B50EC02AFC2BF500D7E32A /* NewTaskForm.swift in Sources */ = {isa = PBXBuildFile; fileRef = B4B50EBF2AFC2BF500D7E32A /* NewTaskForm.swift */; };
		B4B50EC22AFC371700D7E32A /* TasksListsView.swift in Sources */ = {isa = PBXBuildFile; fileRef = B4B50EC12AFC371700D7E32A /* TasksListsView.swift */; };
		B4F344B12B07A84A00302A05 /* TaskRow.swift in Sources */ = {isa = PBXBuildFile; fileRef = B4F344B02B07A84A00302A05 /* TaskRow.swift */; };
/* End PBXBuildFile section */

/* Begin PBXFileReference section */
		B4670D8C2AFD333D008A78A1 /* GoogleService-Info.plist */ = {isa = PBXFileReference; fileEncoding = 4; lastKnownFileType = text.plist.xml; path = "GoogleService-Info.plist"; sourceTree = "<group>"; };
		B4670D9A2AFD34F7008A78A1 /* TaskRepositories.swift */ = {isa = PBXFileReference; lastKnownFileType = sourcecode.swift; path = TaskRepositories.swift; sourceTree = "<group>"; };
		B4670D9C2AFD435A008A78A1 /* DetailTask.swift */ = {isa = PBXFileReference; lastKnownFileType = sourcecode.swift; path = DetailTask.swift; sourceTree = "<group>"; };
		B4777FFA2B0678D100DA4447 /* ListView.swift */ = {isa = PBXFileReference; lastKnownFileType = sourcecode.swift; path = ListView.swift; sourceTree = "<group>"; };
		B48B6B932AFFEE3A00FFABD9 /* Tab.swift */ = {isa = PBXFileReference; lastKnownFileType = sourcecode.swift; path = Tab.swift; sourceTree = "<group>"; };
		B4B50EA92AFC26CB00D7E32A /* TaskWit.app */ = {isa = PBXFileReference; explicitFileType = wrapper.application; includeInIndex = 0; path = TaskWit.app; sourceTree = BUILT_PRODUCTS_DIR; };
		B4B50EAC2AFC26CB00D7E32A /* TaskWitApp.swift */ = {isa = PBXFileReference; lastKnownFileType = sourcecode.swift; path = TaskWitApp.swift; sourceTree = "<group>"; };
		B4B50EAE2AFC26CB00D7E32A /* ContentView.swift */ = {isa = PBXFileReference; lastKnownFileType = sourcecode.swift; path = ContentView.swift; sourceTree = "<group>"; };
		B4B50EB02AFC26CC00D7E32A /* Assets.xcassets */ = {isa = PBXFileReference; lastKnownFileType = folder.assetcatalog; path = Assets.xcassets; sourceTree = "<group>"; };
		B4B50EB32AFC26CC00D7E32A /* Preview Assets.xcassets */ = {isa = PBXFileReference; lastKnownFileType = folder.assetcatalog; path = "Preview Assets.xcassets"; sourceTree = "<group>"; };
		B4B50EBB2AFC2A9100D7E32A /* TaskWit.swift */ = {isa = PBXFileReference; lastKnownFileType = sourcecode.swift; path = TaskWit.swift; sourceTree = "<group>"; };
		B4B50EBD2AFC2B5600D7E32A /* TasksViewModel.swift */ = {isa = PBXFileReference; lastKnownFileType = sourcecode.swift; path = TasksViewModel.swift; sourceTree = "<group>"; };
		B4B50EBF2AFC2BF500D7E32A /* NewTaskForm.swift */ = {isa = PBXFileReference; lastKnownFileType = sourcecode.swift; path = NewTaskForm.swift; sourceTree = "<group>"; };
		B4B50EC12AFC371700D7E32A /* TasksListsView.swift */ = {isa = PBXFileReference; lastKnownFileType = sourcecode.swift; path = TasksListsView.swift; sourceTree = "<group>"; };
		B4F344B02B07A84A00302A05 /* TaskRow.swift */ = {isa = PBXFileReference; lastKnownFileType = sourcecode.swift; path = TaskRow.swift; sourceTree = "<group>"; };
/* End PBXFileReference section */

/* Begin PBXFrameworksBuildPhase section */
		B4B50EA62AFC26CB00D7E32A /* Frameworks */ = {
			isa = PBXFrameworksBuildPhase;
			buildActionMask = 2147483647;
			files = (
				B4670D982AFD33B5008A78A1 /* FirebaseFirestoreSwift in Frameworks */,
				B4670D922AFD33B5008A78A1 /* FirebaseAnalyticsSwift in Frameworks */,
				B4670D962AFD33B5008A78A1 /* FirebaseFirestore in Frameworks */,
				B4670D942AFD33B5008A78A1 /* FirebaseAuth in Frameworks */,
				B4670D902AFD33B5008A78A1 /* FirebaseAnalytics in Frameworks */,
			);
			runOnlyForDeploymentPostprocessing = 0;
		};
/* End PBXFrameworksBuildPhase section */

/* Begin PBXGroup section */
		B4670D8B2AFD3322008A78A1 /* Resources */ = {
			isa = PBXGroup;
			children = (
				B4670D8C2AFD333D008A78A1 /* GoogleService-Info.plist */,
				B4B50EB02AFC26CC00D7E32A /* Assets.xcassets */,
				B4B50EB22AFC26CC00D7E32A /* Preview Content */,
			);
			path = Resources;
			sourceTree = "<group>";
		};
		B4670D992AFD34D7008A78A1 /* Repositories */ = {
			isa = PBXGroup;
			children = (
				B4670D9A2AFD34F7008A78A1 /* TaskRepositories.swift */,
			);
			path = Repositories;
			sourceTree = "<group>";
		};
		B4B50EA02AFC26CB00D7E32A = {
			isa = PBXGroup;
			children = (
				B4B50EAB2AFC26CB00D7E32A /* TaskWit */,
				B4B50EAA2AFC26CB00D7E32A /* Products */,
			);
			sourceTree = "<group>";
		};
		B4B50EAA2AFC26CB00D7E32A /* Products */ = {
			isa = PBXGroup;
			children = (
				B4B50EA92AFC26CB00D7E32A /* TaskWit.app */,
			);
			name = Products;
			sourceTree = "<group>";
		};
		B4B50EAB2AFC26CB00D7E32A /* TaskWit */ = {
			isa = PBXGroup;
			children = (
				B4670D8B2AFD3322008A78A1 /* Resources */,
				B4670D992AFD34D7008A78A1 /* Repositories */,
				B4B50EC32AFC37D200D7E32A /* ViewModels */,
				B4B50EBA2AFC286700D7E32A /* Models */,
				B4B50EC42AFC37E400D7E32A /* Views */,
				B4B50EAC2AFC26CB00D7E32A /* TaskWitApp.swift */,
			);
			path = TaskWit;
			sourceTree = "<group>";
		};
		B4B50EB22AFC26CC00D7E32A /* Preview Content */ = {
			isa = PBXGroup;
			children = (
				B4B50EB32AFC26CC00D7E32A /* Preview Assets.xcassets */,
			);
			path = "Preview Content";
			sourceTree = "<group>";
		};
		B4B50EBA2AFC286700D7E32A /* Models */ = {
			isa = PBXGroup;
			children = (
				B4B50EBB2AFC2A9100D7E32A /* TaskWit.swift */,
				B48B6B932AFFEE3A00FFABD9 /* Tab.swift */,
			);
			path = Models;
			sourceTree = "<group>";
		};
		B4B50EC32AFC37D200D7E32A /* ViewModels */ = {
			isa = PBXGroup;
			children = (
				B4B50EBD2AFC2B5600D7E32A /* TasksViewModel.swift */,
			);
			path = ViewModels;
			sourceTree = "<group>";
		};
		B4B50EC42AFC37E400D7E32A /* Views */ = {
			isa = PBXGroup;
			children = (
				B4F344B02B07A84A00302A05 /* TaskRow.swift */,
				B4B50EAE2AFC26CB00D7E32A /* ContentView.swift */,
				B4B50EC12AFC371700D7E32A /* TasksListsView.swift */,
				B4B50EBF2AFC2BF500D7E32A /* NewTaskForm.swift */,
				B4670D9C2AFD435A008A78A1 /* DetailTask.swift */,
				B4777FFA2B0678D100DA4447 /* ListView.swift */,
			);
			path = Views;
			sourceTree = "<group>";
		};
/* End PBXGroup section */

/* Begin PBXNativeTarget section */
		B4B50EA82AFC26CB00D7E32A /* TaskWit */ = {
			isa = PBXNativeTarget;
			buildConfigurationList = B4B50EB72AFC26CC00D7E32A /* Build configuration list for PBXNativeTarget "TaskWit" */;
			buildPhases = (
				B4B50EA52AFC26CB00D7E32A /* Sources */,
				B4B50EA62AFC26CB00D7E32A /* Frameworks */,
				B4B50EA72AFC26CB00D7E32A /* Resources */,
			);
			buildRules = (
			);
			dependencies = (
			);
			name = TaskWit;
			packageProductDependencies = (
				B4670D8F2AFD33B5008A78A1 /* FirebaseAnalytics */,
				B4670D912AFD33B5008A78A1 /* FirebaseAnalyticsSwift */,
				B4670D932AFD33B5008A78A1 /* FirebaseAuth */,
				B4670D952AFD33B5008A78A1 /* FirebaseFirestore */,
				B4670D972AFD33B5008A78A1 /* FirebaseFirestoreSwift */,
			);
			productName = TaskWit;
			productReference = B4B50EA92AFC26CB00D7E32A /* TaskWit.app */;
			productType = "com.apple.product-type.application";
		};
/* End PBXNativeTarget section */

/* Begin PBXProject section */
		B4B50EA12AFC26CB00D7E32A /* Project object */ = {
			isa = PBXProject;
			attributes = {
				BuildIndependentTargetsInParallel = 1;
				LastSwiftUpdateCheck = 1500;
				LastUpgradeCheck = 1500;
				TargetAttributes = {
					B4B50EA82AFC26CB00D7E32A = {
						CreatedOnToolsVersion = 15.0.1;
					};
				};
			};
			buildConfigurationList = B4B50EA42AFC26CB00D7E32A /* Build configuration list for PBXProject "TaskWit" */;
			compatibilityVersion = "Xcode 14.0";
			developmentRegion = en;
			hasScannedForEncodings = 0;
			knownRegions = (
				en,
				Base,
			);
			mainGroup = B4B50EA02AFC26CB00D7E32A;
			packageReferences = (
				B4670D8E2AFD33B5008A78A1 /* XCRemoteSwiftPackageReference "firebase-ios-sdk" */,
			);
			productRefGroup = B4B50EAA2AFC26CB00D7E32A /* Products */;
			projectDirPath = "";
			projectRoot = "";
			targets = (
				B4B50EA82AFC26CB00D7E32A /* TaskWit */,
			);
		};
/* End PBXProject section */

/* Begin PBXResourcesBuildPhase section */
		B4B50EA72AFC26CB00D7E32A /* Resources */ = {
			isa = PBXResourcesBuildPhase;
			buildActionMask = 2147483647;
			files = (
				B4B50EB42AFC26CC00D7E32A /* Preview Assets.xcassets in Resources */,
				B4B50EB12AFC26CC00D7E32A /* Assets.xcassets in Resources */,
				B4670D8D2AFD333D008A78A1 /* GoogleService-Info.plist in Resources */,
			);
			runOnlyForDeploymentPostprocessing = 0;
		};
/* End PBXResourcesBuildPhase section */

/* Begin PBXSourcesBuildPhase section */
		B4B50EA52AFC26CB00D7E32A /* Sources */ = {
			isa = PBXSourcesBuildPhase;
			buildActionMask = 2147483647;
			files = (
				B4B50EC22AFC371700D7E32A /* TasksListsView.swift in Sources */,
				B4670D9D2AFD435A008A78A1 /* DetailTask.swift in Sources */,
				B4777FFB2B0678D100DA4447 /* ListView.swift in Sources */,
				B4B50EBE2AFC2B5600D7E32A /* TasksViewModel.swift in Sources */,
				B4B50EAF2AFC26CB00D7E32A /* ContentView.swift in Sources */,
				B4B50EC02AFC2BF500D7E32A /* NewTaskForm.swift in Sources */,
				B4B50EBC2AFC2A9100D7E32A /* TaskWit.swift in Sources */,
				B48B6B942AFFEE3A00FFABD9 /* Tab.swift in Sources */,
				B4F344B12B07A84A00302A05 /* TaskRow.swift in Sources */,
				B4670D9B2AFD34F7008A78A1 /* TaskRepositories.swift in Sources */,
				B4B50EAD2AFC26CB00D7E32A /* TaskWitApp.swift in Sources */,
			);
			runOnlyForDeploymentPostprocessing = 0;
		};
/* End PBXSourcesBuildPhase section */

/* Begin XCBuildConfiguration section */
		B4B50EB52AFC26CC00D7E32A /* Debug */ = {
			isa = XCBuildConfiguration;
			buildSettings = {
				ALWAYS_SEARCH_USER_PATHS = NO;
				ASSETCATALOG_COMPILER_GENERATE_SWIFT_ASSET_SYMBOL_EXTENSIONS = YES;
				CLANG_ANALYZER_NONNULL = YES;
				CLANG_ANALYZER_NUMBER_OBJECT_CONVERSION = YES_AGGRESSIVE;
				CLANG_CXX_LANGUAGE_STANDARD = "gnu++20";
				CLANG_ENABLE_MODULES = YES;
				CLANG_ENABLE_OBJC_ARC = YES;
				CLANG_ENABLE_OBJC_WEAK = YES;
				CLANG_WARN_BLOCK_CAPTURE_AUTORELEASING = YES;
				CLANG_WARN_BOOL_CONVERSION = YES;
				CLANG_WARN_COMMA = YES;
				CLANG_WARN_CONSTANT_CONVERSION = YES;
				CLANG_WARN_DEPRECATED_OBJC_IMPLEMENTATIONS = YES;
				CLANG_WARN_DIRECT_OBJC_ISA_USAGE = YES_ERROR;
				CLANG_WARN_DOCUMENTATION_COMMENTS = YES;
				CLANG_WARN_EMPTY_BODY = YES;
				CLANG_WARN_ENUM_CONVERSION = YES;
				CLANG_WARN_INFINITE_RECURSION = YES;
				CLANG_WARN_INT_CONVERSION = YES;
				CLANG_WARN_NON_LITERAL_NULL_CONVERSION = YES;
				CLANG_WARN_OBJC_IMPLICIT_RETAIN_SELF = YES;
				CLANG_WARN_OBJC_LITERAL_CONVERSION = YES;
				CLANG_WARN_OBJC_ROOT_CLASS = YES_ERROR;
				CLANG_WARN_QUOTED_INCLUDE_IN_FRAMEWORK_HEADER = YES;
				CLANG_WARN_RANGE_LOOP_ANALYSIS = YES;
				CLANG_WARN_STRICT_PROTOTYPES = YES;
				CLANG_WARN_SUSPICIOUS_MOVE = YES;
				CLANG_WARN_UNGUARDED_AVAILABILITY = YES_AGGRESSIVE;
				CLANG_WARN_UNREACHABLE_CODE = YES;
				CLANG_WARN__DUPLICATE_METHOD_MATCH = YES;
				COPY_PHASE_STRIP = NO;
				DEBUG_INFORMATION_FORMAT = dwarf;
				ENABLE_STRICT_OBJC_MSGSEND = YES;
				ENABLE_TESTABILITY = YES;
				ENABLE_USER_SCRIPT_SANDBOXING = YES;
				GCC_C_LANGUAGE_STANDARD = gnu17;
				GCC_DYNAMIC_NO_PIC = NO;
				GCC_NO_COMMON_BLOCKS = YES;
				GCC_OPTIMIZATION_LEVEL = 0;
				GCC_PREPROCESSOR_DEFINITIONS = (
					"DEBUG=1",
					"$(inherited)",
				);
				GCC_WARN_64_TO_32_BIT_CONVERSION = YES;
				GCC_WARN_ABOUT_RETURN_TYPE = YES_ERROR;
				GCC_WARN_UNDECLARED_SELECTOR = YES;
				GCC_WARN_UNINITIALIZED_AUTOS = YES_AGGRESSIVE;
				GCC_WARN_UNUSED_FUNCTION = YES;
				GCC_WARN_UNUSED_VARIABLE = YES;
				IPHONEOS_DEPLOYMENT_TARGET = 17.0;
				LOCALIZATION_PREFERS_STRING_CATALOGS = YES;
				MTL_ENABLE_DEBUG_INFO = INCLUDE_SOURCE;
				MTL_FAST_MATH = YES;
				ONLY_ACTIVE_ARCH = YES;
				SDKROOT = iphoneos;
				SWIFT_ACTIVE_COMPILATION_CONDITIONS = "DEBUG $(inherited)";
				SWIFT_OPTIMIZATION_LEVEL = "-Onone";
			};
			name = Debug;
		};
		B4B50EB62AFC26CC00D7E32A /* Release */ = {
			isa = XCBuildConfiguration;
			buildSettings = {
				ALWAYS_SEARCH_USER_PATHS = NO;
				ASSETCATALOG_COMPILER_GENERATE_SWIFT_ASSET_SYMBOL_EXTENSIONS = YES;
				CLANG_ANALYZER_NONNULL = YES;
				CLANG_ANALYZER_NUMBER_OBJECT_CONVERSION = YES_AGGRESSIVE;
				CLANG_CXX_LANGUAGE_STANDARD = "gnu++20";
				CLANG_ENABLE_MODULES = YES;
				CLANG_ENABLE_OBJC_ARC = YES;
				CLANG_ENABLE_OBJC_WEAK = YES;
				CLANG_WARN_BLOCK_CAPTURE_AUTORELEASING = YES;
				CLANG_WARN_BOOL_CONVERSION = YES;
				CLANG_WARN_COMMA = YES;
				CLANG_WARN_CONSTANT_CONVERSION = YES;
				CLANG_WARN_DEPRECATED_OBJC_IMPLEMENTATIONS = YES;
				CLANG_WARN_DIRECT_OBJC_ISA_USAGE = YES_ERROR;
				CLANG_WARN_DOCUMENTATION_COMMENTS = YES;
				CLANG_WARN_EMPTY_BODY = YES;
				CLANG_WARN_ENUM_CONVERSION = YES;
				CLANG_WARN_INFINITE_RECURSION = YES;
				CLANG_WARN_INT_CONVERSION = YES;
				CLANG_WARN_NON_LITERAL_NULL_CONVERSION = YES;
				CLANG_WARN_OBJC_IMPLICIT_RETAIN_SELF = YES;
				CLANG_WARN_OBJC_LITERAL_CONVERSION = YES;
				CLANG_WARN_OBJC_ROOT_CLASS = YES_ERROR;
				CLANG_WARN_QUOTED_INCLUDE_IN_FRAMEWORK_HEADER = YES;
				CLANG_WARN_RANGE_LOOP_ANALYSIS = YES;
				CLANG_WARN_STRICT_PROTOTYPES = YES;
				CLANG_WARN_SUSPICIOUS_MOVE = YES;
				CLANG_WARN_UNGUARDED_AVAILABILITY = YES_AGGRESSIVE;
				CLANG_WARN_UNREACHABLE_CODE = YES;
				CLANG_WARN__DUPLICATE_METHOD_MATCH = YES;
				COPY_PHASE_STRIP = NO;
				DEBUG_INFORMATION_FORMAT = "dwarf-with-dsym";
				ENABLE_NS_ASSERTIONS = NO;
				ENABLE_STRICT_OBJC_MSGSEND = YES;
				ENABLE_USER_SCRIPT_SANDBOXING = YES;
				GCC_C_LANGUAGE_STANDARD = gnu17;
				GCC_NO_COMMON_BLOCKS = YES;
				GCC_WARN_64_TO_32_BIT_CONVERSION = YES;
				GCC_WARN_ABOUT_RETURN_TYPE = YES_ERROR;
				GCC_WARN_UNDECLARED_SELECTOR = YES;
				GCC_WARN_UNINITIALIZED_AUTOS = YES_AGGRESSIVE;
				GCC_WARN_UNUSED_FUNCTION = YES;
				GCC_WARN_UNUSED_VARIABLE = YES;
				IPHONEOS_DEPLOYMENT_TARGET = 17.0;
				LOCALIZATION_PREFERS_STRING_CATALOGS = YES;
				MTL_ENABLE_DEBUG_INFO = NO;
				MTL_FAST_MATH = YES;
				SDKROOT = iphoneos;
				SWIFT_COMPILATION_MODE = wholemodule;
				VALIDATE_PRODUCT = YES;
			};
			name = Release;
		};
		B4B50EB82AFC26CC00D7E32A /* Debug */ = {
			isa = XCBuildConfiguration;
			buildSettings = {
				ASSETCATALOG_COMPILER_APPICON_NAME = AppIcon;
				ASSETCATALOG_COMPILER_GLOBAL_ACCENT_COLOR_NAME = AccentColor;
				CODE_SIGN_STYLE = Automatic;
				CURRENT_PROJECT_VERSION = 1;
				DEVELOPMENT_ASSET_PATHS = "TaskWit/Resources/Preview\\ Content";
				DEVELOPMENT_TEAM = 5VZ6Q8DGLP;
				ENABLE_PREVIEWS = YES;
				GENERATE_INFOPLIST_FILE = YES;
				INFOPLIST_KEY_UIApplicationSceneManifest_Generation = YES;
				INFOPLIST_KEY_UIApplicationSupportsIndirectInputEvents = YES;
				INFOPLIST_KEY_UILaunchScreen_Generation = YES;
				INFOPLIST_KEY_UISupportedInterfaceOrientations_iPad = "UIInterfaceOrientationPortrait UIInterfaceOrientationPortraitUpsideDown UIInterfaceOrientationLandscapeLeft UIInterfaceOrientationLandscapeRight";
				INFOPLIST_KEY_UISupportedInterfaceOrientations_iPhone = "UIInterfaceOrientationPortrait UIInterfaceOrientationLandscapeLeft UIInterfaceOrientationLandscapeRight";
				LD_RUNPATH_SEARCH_PATHS = (
					"$(inherited)",
					"@executable_path/Frameworks",
				);
				MARKETING_VERSION = 1.0;
				PRODUCT_BUNDLE_IDENTIFIER = com.anceldev.TaskWit;
				PRODUCT_NAME = "$(TARGET_NAME)";
				SWIFT_EMIT_LOC_STRINGS = YES;
				SWIFT_VERSION = 5.0;
				TARGETED_DEVICE_FAMILY = "1,2";
			};
			name = Debug;
		};
		B4B50EB92AFC26CC00D7E32A /* Release */ = {
			isa = XCBuildConfiguration;
			buildSettings = {
				ASSETCATALOG_COMPILER_APPICON_NAME = AppIcon;
				ASSETCATALOG_COMPILER_GLOBAL_ACCENT_COLOR_NAME = AccentColor;
				CODE_SIGN_STYLE = Automatic;
				CURRENT_PROJECT_VERSION = 1;
				DEVELOPMENT_ASSET_PATHS = "TaskWit/Resources/Preview\\ Content";
				DEVELOPMENT_TEAM = 5VZ6Q8DGLP;
				ENABLE_PREVIEWS = YES;
				GENERATE_INFOPLIST_FILE = YES;
				INFOPLIST_KEY_UIApplicationSceneManifest_Generation = YES;
				INFOPLIST_KEY_UIApplicationSupportsIndirectInputEvents = YES;
				INFOPLIST_KEY_UILaunchScreen_Generation = YES;
				INFOPLIST_KEY_UISupportedInterfaceOrientations_iPad = "UIInterfaceOrientationPortrait UIInterfaceOrientationPortraitUpsideDown UIInterfaceOrientationLandscapeLeft UIInterfaceOrientationLandscapeRight";
				INFOPLIST_KEY_UISupportedInterfaceOrientations_iPhone = "UIInterfaceOrientationPortrait UIInterfaceOrientationLandscapeLeft UIInterfaceOrientationLandscapeRight";
				LD_RUNPATH_SEARCH_PATHS = (
					"$(inherited)",
					"@executable_path/Frameworks",
				);
				MARKETING_VERSION = 1.0;
				PRODUCT_BUNDLE_IDENTIFIER = com.anceldev.TaskWit;
				PRODUCT_NAME = "$(TARGET_NAME)";
				SWIFT_EMIT_LOC_STRINGS = YES;
				SWIFT_VERSION = 5.0;
				TARGETED_DEVICE_FAMILY = "1,2";
			};
			name = Release;
		};
/* End XCBuildConfiguration section */

/* Begin XCConfigurationList section */
		B4B50EA42AFC26CB00D7E32A /* Build configuration list for PBXProject "TaskWit" */ = {
			isa = XCConfigurationList;
			buildConfigurations = (
				B4B50EB52AFC26CC00D7E32A /* Debug */,
				B4B50EB62AFC26CC00D7E32A /* Release */,
			);
			defaultConfigurationIsVisible = 0;
			defaultConfigurationName = Release;
		};
		B4B50EB72AFC26CC00D7E32A /* Build configuration list for PBXNativeTarget "TaskWit" */ = {
			isa = XCConfigurationList;
			buildConfigurations = (
				B4B50EB82AFC26CC00D7E32A /* Debug */,
				B4B50EB92AFC26CC00D7E32A /* Release */,
			);
			defaultConfigurationIsVisible = 0;
			defaultConfigurationName = Release;
		};
/* End XCConfigurationList section */

/* Begin XCRemoteSwiftPackageReference section */
		B4670D8E2AFD33B5008A78A1 /* XCRemoteSwiftPackageReference "firebase-ios-sdk" */ = {
			isa = XCRemoteSwiftPackageReference;
			repositoryURL = "https://github.com/firebase/firebase-ios-sdk";
			requirement = {
				kind = upToNextMajorVersion;
				minimumVersion = 10.17.0;
			};
		};
/* End XCRemoteSwiftPackageReference section */

/* Begin XCSwiftPackageProductDependency section */
		B4670D8F2AFD33B5008A78A1 /* FirebaseAnalytics */ = {
			isa = XCSwiftPackageProductDependency;
			package = B4670D8E2AFD33B5008A78A1 /* XCRemoteSwiftPackageReference "firebase-ios-sdk" */;
			productName = FirebaseAnalytics;
		};
		B4670D912AFD33B5008A78A1 /* FirebaseAnalyticsSwift */ = {
			isa = XCSwiftPackageProductDependency;
			package = B4670D8E2AFD33B5008A78A1 /* XCRemoteSwiftPackageReference "firebase-ios-sdk" */;
			productName = FirebaseAnalyticsSwift;
		};
		B4670D932AFD33B5008A78A1 /* FirebaseAuth */ = {
			isa = XCSwiftPackageProductDependency;
			package = B4670D8E2AFD33B5008A78A1 /* XCRemoteSwiftPackageReference "firebase-ios-sdk" */;
			productName = FirebaseAuth;
		};
		B4670D952AFD33B5008A78A1 /* FirebaseFirestore */ = {
			isa = XCSwiftPackageProductDependency;
			package = B4670D8E2AFD33B5008A78A1 /* XCRemoteSwiftPackageReference "firebase-ios-sdk" */;
			productName = FirebaseFirestore;
		};
		B4670D972AFD33B5008A78A1 /* FirebaseFirestoreSwift */ = {
			isa = XCSwiftPackageProductDependency;
			package = B4670D8E2AFD33B5008A78A1 /* XCRemoteSwiftPackageReference "firebase-ios-sdk" */;
			productName = FirebaseFirestoreSwift;
		};
/* End XCSwiftPackageProductDependency section */
	};
	rootObject = B4B50EA12AFC26CB00D7E32A /* Project object */;
}
